
Microsoft Visual Studio Solution File, Format Version 12.00
# Visual Studio Version 17
VisualStudioVersion = 17.8.34330.188
MinimumVisualStudioVersion = 10.0.40219.1
Project("{9A19103F-16F7-4668-BE54-9A1E7A4F7556}") = "SocialNetwork", "SocialNetwork\SocialNetwork.csproj", "{FAB6F7D1-3296-4AF3-87A1-FE3F71D92227}"
EndProject
Project("{FAE04EC0-301F-11D3-BF4B-00C04F79EFBC}") = "SocialNetwork.Tests", "SocialNetwork.Test\SocialNetwork.Tests.csproj", "{05E285E8-9FCE-4189-8569-903375C65A5D}"
EndProject
Global
	GlobalSection(SolutionConfigurationPlatforms) = preSolution
		Debug|Any CPU = Debug|Any CPU
		Release|Any CPU = Release|Any CPU
	EndGlobalSection
	GlobalSection(ProjectConfigurationPlatforms) = postSolution
		{FAB6F7D1-3296-4AF3-87A1-FE3F71D92227}.Debug|Any CPU.ActiveCfg = Debug|Any CPU
		{FAB6F7D1-3296-4AF3-87A1-FE3F71D92227}.Debug|Any CPU.Build.0 = Debug|Any CPU
		{FAB6F7D1-3296-4AF3-87A1-FE3F71D92227}.Release|Any CPU.ActiveCfg = Release|Any CPU
		{FAB6F7D1-3296-4AF3-87A1-FE3F71D92227}.Release|Any CPU.Build.0 = Release|Any CPU
		{05E285E8-9FCE-4189-8569-903375C65A5D}.Debug|Any CPU.ActiveCfg = Debug|Any CPU
		{05E285E8-9FCE-4189-8569-903375C65A5D}.Debug|Any CPU.Build.0 = Debug|Any CPU
		{05E285E8-9FCE-4189-8569-903375C65A5D}.Release|Any CPU.ActiveCfg = Release|Any CPU
		{05E285E8-9FCE-4189-8569-903375C65A5D}.Release|Any CPU.Build.0 = Release|Any CPU
	EndGlobalSection
	GlobalSection(SolutionProperties) = preSolution
		HideSolutionNode = FALSE
	EndGlobalSection
	GlobalSection(ExtensibilityGlobals) = postSolution
		SolutionGuid = {E1AD738F-FC80-4797-A145-D0DD081EF4DC}
	EndGlobalSection
EndGlobal
